
Microsoft Visual Studio Solution File, Format Version 12.00
# Visual Studio Version 16
VisualStudioVersion = 16.0.28705.295
MinimumVisualStudioVersion = 10.0.40219.1
Project("{9A19103F-16F7-4668-BE54-9A1E7A4F7556}") = "LvivDotNet.WebApi", "LvivDotNet.WebApi\LvivDotNet.WebApi.csproj", "{BE7E407D-91AC-4F66-87D9-0DB7798E8AFE}"
EndProject
Project("{2150E333-8FDC-42A3-9474-1A3956D46DE8}") = "src", "src", "{9CDA3EF6-57E5-495F-B0E8-7B20EF72C20E}"
EndProject
Project("{2150E333-8FDC-42A3-9474-1A3956D46DE8}") = "tests", "tests", "{3832BFC0-FEB8-4FEA-8782-5DE932060A6B}"
EndProject
Project("{2150E333-8FDC-42A3-9474-1A3956D46DE8}") = "Presentation", "Presentation", "{538DE4AD-8ED8-48E3-96CD-F595B89B2388}"
EndProject
Project("{2150E333-8FDC-42A3-9474-1A3956D46DE8}") = "Common", "Common", "{195C8F04-6D1E-422A-A80C-1DF3A9178AD0}"
EndProject
Project("{2150E333-8FDC-42A3-9474-1A3956D46DE8}") = "Core", "Core", "{FFD3E0CD-99D3-4BDB-BA19-D0FB7CDA9C11}"
EndProject
Project("{2150E333-8FDC-42A3-9474-1A3956D46DE8}") = "Infrastructure", "Infrastructure", "{5BB7239C-DFC1-41A7-B46D-936E03318A63}"
EndProject
Project("{9A19103F-16F7-4668-BE54-9A1E7A4F7556}") = "LvivDotNet.Common", "LvivDotNet.Common\LvivDotNet.Common.csproj", "{6477AD31-EC43-4410-B905-CBC545260052}"
EndProject
Project("{9A19103F-16F7-4668-BE54-9A1E7A4F7556}") = "LvivDotNet.Application", "LvivDotNet.Application\LvivDotNet.Application.csproj", "{8001C689-374D-427B-A5C4-F1E7A15D0D7E}"
EndProject
Project("{9A19103F-16F7-4668-BE54-9A1E7A4F7556}") = "LvivDotNet.Domain", "LvivDotNet.Domain\LvivDotNet.Domain.csproj", "{3EF89DF0-DCB6-4B2B-BFBF-D7B506DE7929}"
EndProject
Project("{9A19103F-16F7-4668-BE54-9A1E7A4F7556}") = "LvivDotNet.Infrastructure", "LvivDotNet.Infrastructure\LvivDotNet.Infrastructure.csproj", "{574CD068-41E0-47B4-917F-E12517D6839E}"
EndProject
Project("{9A19103F-16F7-4668-BE54-9A1E7A4F7556}") = "LvivDotNet.Persistence", "LvivDotNet.Persistence\LvivDotNet.Persistence.csproj", "{F550EC86-6AC3-4AFE-91DD-AFB6C1771DE6}"
EndProject
Project("{9A19103F-16F7-4668-BE54-9A1E7A4F7556}") = "LvivDotNet.Application.Tests", "LvivDotNet.Application.Tests\LvivDotNet.Application.Tests.csproj", "{05E91C40-0052-49DF-A1F8-9E87B8EE066C}"
EndProject
Project("{9A19103F-16F7-4668-BE54-9A1E7A4F7556}") = "LvivDotNet.Domain.Tests", "LvivDotNet.Domain.Tests\LvivDotNet.Domain.Tests.csproj", "{71C9F210-769C-4407-9265-E76625C49BD0}"
EndProject
Project("{2150E333-8FDC-42A3-9474-1A3956D46DE8}") = "Solution Items", "Solution Items", "{340E9A64-B5D4-4ADD-A02D-EA1016642A09}"
	ProjectSection(SolutionItems) = preProject
		LvivDotNet.ruleset = LvivDotNet.ruleset
		stylecop.json = stylecop.json
	EndProjectSection
EndProject
Global
	GlobalSection(SolutionConfigurationPlatforms) = preSolution
		Debug|Any CPU = Debug|Any CPU
		Release|Any CPU = Release|Any CPU
	EndGlobalSection
	GlobalSection(ProjectConfigurationPlatforms) = postSolution
		{BE7E407D-91AC-4F66-87D9-0DB7798E8AFE}.Debug|Any CPU.ActiveCfg = Debug|Any CPU
		{BE7E407D-91AC-4F66-87D9-0DB7798E8AFE}.Debug|Any CPU.Build.0 = Debug|Any CPU
		{BE7E407D-91AC-4F66-87D9-0DB7798E8AFE}.Release|Any CPU.ActiveCfg = Release|Any CPU
		{BE7E407D-91AC-4F66-87D9-0DB7798E8AFE}.Release|Any CPU.Build.0 = Release|Any CPU
		{6477AD31-EC43-4410-B905-CBC545260052}.Debug|Any CPU.ActiveCfg = Debug|Any CPU
		{6477AD31-EC43-4410-B905-CBC545260052}.Debug|Any CPU.Build.0 = Debug|Any CPU
		{6477AD31-EC43-4410-B905-CBC545260052}.Release|Any CPU.ActiveCfg = Release|Any CPU
		{6477AD31-EC43-4410-B905-CBC545260052}.Release|Any CPU.Build.0 = Release|Any CPU
		{8001C689-374D-427B-A5C4-F1E7A15D0D7E}.Debug|Any CPU.ActiveCfg = Debug|Any CPU
		{8001C689-374D-427B-A5C4-F1E7A15D0D7E}.Debug|Any CPU.Build.0 = Debug|Any CPU
		{8001C689-374D-427B-A5C4-F1E7A15D0D7E}.Release|Any CPU.ActiveCfg = Release|Any CPU
		{8001C689-374D-427B-A5C4-F1E7A15D0D7E}.Release|Any CPU.Build.0 = Release|Any CPU
		{3EF89DF0-DCB6-4B2B-BFBF-D7B506DE7929}.Debug|Any CPU.ActiveCfg = Debug|Any CPU
		{3EF89DF0-DCB6-4B2B-BFBF-D7B506DE7929}.Debug|Any CPU.Build.0 = Debug|Any CPU
		{3EF89DF0-DCB6-4B2B-BFBF-D7B506DE7929}.Release|Any CPU.ActiveCfg = Release|Any CPU
		{3EF89DF0-DCB6-4B2B-BFBF-D7B506DE7929}.Release|Any CPU.Build.0 = Release|Any CPU
		{574CD068-41E0-47B4-917F-E12517D6839E}.Debug|Any CPU.ActiveCfg = Debug|Any CPU
		{574CD068-41E0-47B4-917F-E12517D6839E}.Debug|Any CPU.Build.0 = Debug|Any CPU
		{574CD068-41E0-47B4-917F-E12517D6839E}.Release|Any CPU.ActiveCfg = Release|Any CPU
		{574CD068-41E0-47B4-917F-E12517D6839E}.Release|Any CPU.Build.0 = Release|Any CPU
		{F550EC86-6AC3-4AFE-91DD-AFB6C1771DE6}.Debug|Any CPU.ActiveCfg = Debug|Any CPU
		{F550EC86-6AC3-4AFE-91DD-AFB6C1771DE6}.Debug|Any CPU.Build.0 = Debug|Any CPU
		{F550EC86-6AC3-4AFE-91DD-AFB6C1771DE6}.Release|Any CPU.ActiveCfg = Release|Any CPU
		{F550EC86-6AC3-4AFE-91DD-AFB6C1771DE6}.Release|Any CPU.Build.0 = Release|Any CPU
		{05E91C40-0052-49DF-A1F8-9E87B8EE066C}.Debug|Any CPU.ActiveCfg = Debug|Any CPU
		{05E91C40-0052-49DF-A1F8-9E87B8EE066C}.Debug|Any CPU.Build.0 = Debug|Any CPU
		{05E91C40-0052-49DF-A1F8-9E87B8EE066C}.Release|Any CPU.ActiveCfg = Release|Any CPU
		{05E91C40-0052-49DF-A1F8-9E87B8EE066C}.Release|Any CPU.Build.0 = Release|Any CPU
		{71C9F210-769C-4407-9265-E76625C49BD0}.Debug|Any CPU.ActiveCfg = Debug|Any CPU
		{71C9F210-769C-4407-9265-E76625C49BD0}.Debug|Any CPU.Build.0 = Debug|Any CPU
		{71C9F210-769C-4407-9265-E76625C49BD0}.Release|Any CPU.ActiveCfg = Release|Any CPU
		{71C9F210-769C-4407-9265-E76625C49BD0}.Release|Any CPU.Build.0 = Release|Any CPU
	EndGlobalSection
	GlobalSection(SolutionProperties) = preSolution
		HideSolutionNode = FALSE
	EndGlobalSection
	GlobalSection(NestedProjects) = preSolution
		{BE7E407D-91AC-4F66-87D9-0DB7798E8AFE} = {538DE4AD-8ED8-48E3-96CD-F595B89B2388}
		{538DE4AD-8ED8-48E3-96CD-F595B89B2388} = {9CDA3EF6-57E5-495F-B0E8-7B20EF72C20E}
		{195C8F04-6D1E-422A-A80C-1DF3A9178AD0} = {9CDA3EF6-57E5-495F-B0E8-7B20EF72C20E}
		{FFD3E0CD-99D3-4BDB-BA19-D0FB7CDA9C11} = {9CDA3EF6-57E5-495F-B0E8-7B20EF72C20E}
		{5BB7239C-DFC1-41A7-B46D-936E03318A63} = {9CDA3EF6-57E5-495F-B0E8-7B20EF72C20E}
		{6477AD31-EC43-4410-B905-CBC545260052} = {195C8F04-6D1E-422A-A80C-1DF3A9178AD0}
		{8001C689-374D-427B-A5C4-F1E7A15D0D7E} = {FFD3E0CD-99D3-4BDB-BA19-D0FB7CDA9C11}
		{3EF89DF0-DCB6-4B2B-BFBF-D7B506DE7929} = {FFD3E0CD-99D3-4BDB-BA19-D0FB7CDA9C11}
		{574CD068-41E0-47B4-917F-E12517D6839E} = {5BB7239C-DFC1-41A7-B46D-936E03318A63}
		{F550EC86-6AC3-4AFE-91DD-AFB6C1771DE6} = {5BB7239C-DFC1-41A7-B46D-936E03318A63}
		{05E91C40-0052-49DF-A1F8-9E87B8EE066C} = {3832BFC0-FEB8-4FEA-8782-5DE932060A6B}
		{71C9F210-769C-4407-9265-E76625C49BD0} = {3832BFC0-FEB8-4FEA-8782-5DE932060A6B}
	EndGlobalSection
	GlobalSection(ExtensibilityGlobals) = postSolution
		SolutionGuid = {82A56315-E00C-4A38-9694-53590B6037D9}
	EndGlobalSection
EndGlobal
