
Microsoft Visual Studio Solution File, Format Version 12.00
# Visual Studio Version 16
VisualStudioVersion = 16.0.28705.295
MinimumVisualStudioVersion = 10.0.40219.1
Project("{FAE04EC0-301F-11D3-BF4B-00C04F79EFBC}") = "Lviv .NET Platform", "Lviv .NET Platform\Lviv .NET Platform.csproj", "{BE7E407D-91AC-4F66-87D9-0DB7798E8AFE}"
EndProject
Global
	GlobalSection(SolutionConfigurationPlatforms) = preSolution
		Debug|Any CPU = Debug|Any CPU
		Release|Any CPU = Release|Any CPU
	EndGlobalSection
	GlobalSection(ProjectConfigurationPlatforms) = postSolution
		{BE7E407D-91AC-4F66-87D9-0DB7798E8AFE}.Debug|Any CPU.ActiveCfg = Debug|Any CPU
		{BE7E407D-91AC-4F66-87D9-0DB7798E8AFE}.Debug|Any CPU.Build.0 = Debug|Any CPU
		{BE7E407D-91AC-4F66-87D9-0DB7798E8AFE}.Release|Any CPU.ActiveCfg = Release|Any CPU
		{BE7E407D-91AC-4F66-87D9-0DB7798E8AFE}.Release|Any CPU.Build.0 = Release|Any CPU
	EndGlobalSection
	GlobalSection(SolutionProperties) = preSolution
		HideSolutionNode = FALSE
	EndGlobalSection
	GlobalSection(ExtensibilityGlobals) = postSolution
		SolutionGuid = {82A56315-E00C-4A38-9694-53590B6037D9}
	EndGlobalSection
EndGlobal
